<?xml version="1.0" encoding="utf-8"?>
<Project ToolsVersion="4.0" xmlns="http://schemas.microsoft.com/developer/msbuild/2003">
  <ItemGroup>
    <Filter Include="Resource Files">
      <UniqueIdentifier>{67DA6AB6-F800-4c08-8B7A-83BB121AAD01}</UniqueIdentifier>
      <Extensions>rc;ico;cur;bmp;dlg;rc2;rct;bin;rgs;gif;jpg;jpeg;jpe;resx;tiff;tif;png;wav;mfcribbon-ms</Extensions>
    </Filter>
    <Filter Include="voxel">
      <UniqueIdentifier>{2935c9f2-2464-4ae7-9f89-9f3996025580}</UniqueIdentifier>
    </Filter>
    <Filter Include="GfxApi">
      <UniqueIdentifier>{528eb6ad-5afe-487a-9576-437747bd8337}</UniqueIdentifier>
    </Filter>
    <Filter Include="tinyxml2">
      <UniqueIdentifier>{16c96457-45e7-4e73-87e9-5faaa77a950a}</UniqueIdentifier>
    </Filter>
    <Filter Include="cubelib">
      <UniqueIdentifier>{5c4e508d-8ead-4ea7-a99b-05b3d5b2fef8}</UniqueIdentifier>
    </Filter>
    <Filter Include="cl_programs">
      <UniqueIdentifier>{7571583c-c93a-449e-a58a-d92e8e2d463a}</UniqueIdentifier>
    </Filter>
    <Filter Include="shader">
      <UniqueIdentifier>{0527a892-d59b-47ad-8f9c-c35baf90db71}</UniqueIdentifier>
    </Filter>
  </ItemGroup>
  <ItemGroup>
    <ClInclude Include="voxel\TVolume2d.h">
      <Filter>voxel</Filter>
    </ClInclude>
    <ClInclude Include="voxel\TVolume3d.h">
      <Filter>voxel</Filter>
    </ClInclude>
    <ClInclude Include="voxel\TVolumePool.h">
      <Filter>voxel</Filter>
    </ClInclude>
    <ClInclude Include="tinyxml2\tinyxml2.h">
      <Filter>tinyxml2</Filter>
    </ClInclude>
    <ClInclude Include="MainClass.h" />
    <ClInclude Include="cubelib\cube.hpp">
      <Filter>cubelib</Filter>
    </ClInclude>
    <ClInclude Include="cubelib\cube.inl.hpp">
      <Filter>cubelib</Filter>
    </ClInclude>
    <ClInclude Include="cubelib\logic_utility.hpp">
      <Filter>cubelib</Filter>
    </ClInclude>
    <ClInclude Include="GfxApi.h">
      <Filter>GfxApi</Filter>
    </ClInclude>
    <ClInclude Include="voxel\TBorderVolume3d.h">
      <Filter>voxel</Filter>
    </ClInclude>
    <ClInclude Include="ocl.h">
      <Filter>GfxApi</Filter>
    </ClInclude>
    <ClInclude Include="cl.hpp">
      <Filter>GfxApi</Filter>
    </ClInclude>
    <ClInclude Include="voxel\qef.h">
      <Filter>voxel</Filter>
    </ClInclude>
    <ClInclude Include="voxel\octree.h">
      <Filter>voxel</Filter>
    </ClInclude>
    <ClInclude Include="voxel\ChunkManager.h">
      <Filter>voxel</Filter>
    </ClInclude>
    <ClInclude Include="voxel\svd.h">
      <Filter>voxel</Filter>
    </ClInclude>
    <ClInclude Include="voxel\common.h">
      <Filter>voxel</Filter>
    </ClInclude>
    <ClInclude Include="voxel\NodeChunk.h">
      <Filter>voxel</Filter>
    </ClInclude>
    <ClInclude Include="voxel\TOctree.h">
      <Filter>voxel</Filter>
    </ClInclude>
    <ClInclude Include="voxel\TQueueLocked.h">
      <Filter>voxel</Filter>
    </ClInclude>
    <ClInclude Include="voxel\HashMap.h">
      <Filter>voxel</Filter>
    </ClInclude>
    <ClInclude Include="voxel\intersection.h">
      <Filter>voxel</Filter>
    </ClInclude>
    <ClInclude Include="voxel\AABBTree.h">
      <Filter>voxel</Filter>
    </ClInclude>
    <ClInclude Include="glcommon.h">
      <Filter>GfxApi</Filter>
    </ClInclude>
    <ClInclude Include="Input.h" />
    <ClInclude Include="voxel\TerrainLayer.h" />
    <ClInclude Include="voxel\utilities.h">
      <Filter>voxel</Filter>
    </ClInclude>
    <ClInclude Include="voxel\octreemdc.h">
      <Filter>voxel</Filter>
    </ClInclude>
  </ItemGroup>
  <ItemGroup>
    <ClCompile Include="tinyxml2\tinyxml2.cpp">
      <Filter>tinyxml2</Filter>
    </ClCompile>
    <ClCompile Include="MainClass.cpp" />
    <ClCompile Include="main.cpp" />
    <ClCompile Include="GfxApi.cpp">
      <Filter>GfxApi</Filter>
    </ClCompile>
    <ClCompile Include="voxel\qef.cpp">
      <Filter>voxel</Filter>
    </ClCompile>
    <ClCompile Include="voxel\octree.cpp">
      <Filter>voxel</Filter>
    </ClCompile>
    <ClCompile Include="voxel\ChunkManager.cpp">
      <Filter>voxel</Filter>
    </ClCompile>
    <ClCompile Include="voxel\svd.cpp">
      <Filter>voxel</Filter>
    </ClCompile>
    <ClCompile Include="voxel\NodeChunk.cpp">
      <Filter>voxel</Filter>
    </ClCompile>
    <ClCompile Include="Input.cpp" />
  </ItemGroup>
  <ItemGroup>
    <None Include="noisetest.cl">
      <Filter>cl_programs</Filter>
    </None>
    <None Include="shader\chunk.vs">
      <Filter>shader</Filter>
    </None>
    <None Include="shader\chunk.ps">
      <Filter>shader</Filter>
    </None>
    <None Include="..\OpenGI\lib\OpenGI.exp" />
    <None Include="chunk_kernel.cl">
      <Filter>cl_programs</Filter>
    </None>
    <None Include="scan_kernel.cl">
      <Filter>cl_programs</Filter>
    </None>
  </ItemGroup>
  <ItemGroup>
    <Library Include="..\OpenGI\lib\OpenGI.lib" />
    <Library Include="..\lib\assimp-3.1.1\lib\Release\assimp.lib">
      <Filter>voxel</Filter>
    </Library>
  </ItemGroup>
</Project>